// !$*UTF8*$!
{
	archiveVersion = 1;
	classes = {
	};
	objectVersion = 55;
	objects = {

/* Begin PBXBuildFile section */
		7492D722284231B800FEE31A /* main.cpp in Sources */ = {isa = PBXBuildFile; fileRef = 7492D721284231B800FEE31A /* main.cpp */; };
		7492D743284238A900FEE31A /* libsfml-audio.2.5.1.dylib in Frameworks */ = {isa = PBXBuildFile; fileRef = 7492D733284237CB00FEE31A /* libsfml-audio.2.5.1.dylib */; };
		7492D744284238A900FEE31A /* libsfml-graphics.2.5.1.dylib in Frameworks */ = {isa = PBXBuildFile; fileRef = 7492D738284237DC00FEE31A /* libsfml-graphics.2.5.1.dylib */; };
		7492D745284238A900FEE31A /* libsfml-network.2.5.1.dylib in Frameworks */ = {isa = PBXBuildFile; fileRef = 7492D737284237DC00FEE31A /* libsfml-network.2.5.1.dylib */; };
		7492D746284238A900FEE31A /* libsfml-system.2.5.1.dylib in Frameworks */ = {isa = PBXBuildFile; fileRef = 7492D739284237DC00FEE31A /* libsfml-system.2.5.1.dylib */; };
		7492D747284238A900FEE31A /* libsfml-window.2.5.1.dylib in Frameworks */ = {isa = PBXBuildFile; fileRef = 7492D736284237DC00FEE31A /* libsfml-window.2.5.1.dylib */; };
		7492D74A2842398E00FEE31A /* Algorithm.cpp in Sources */ = {isa = PBXBuildFile; fileRef = 7492D7482842398E00FEE31A /* Algorithm.cpp */; };
		7492D74E28423A4C00FEE31A /* Render.cpp in Sources */ = {isa = PBXBuildFile; fileRef = 7492D74C28423A4C00FEE31A /* Render.cpp */; };
		7492D751284243F700FEE31A /* Array.cpp in Sources */ = {isa = PBXBuildFile; fileRef = 7492D74F284243F700FEE31A /* Array.cpp */; };
/* End PBXBuildFile section */

/* Begin PBXCopyFilesBuildPhase section */
		7492D71C284231B800FEE31A /* CopyFiles */ = {
			isa = PBXCopyFilesBuildPhase;
			buildActionMask = 2147483647;
			dstPath = /usr/share/man/man1/;
			dstSubfolderSpec = 0;
			files = (
			);
			runOnlyForDeploymentPostprocessing = 1;
		};
/* End PBXCopyFilesBuildPhase section */

/* Begin PBXFileReference section */
		7492D71E284231B800FEE31A /* sortingSFML */ = {isa = PBXFileReference; explicitFileType = "compiled.mach-o.executable"; includeInIndex = 0; path = sortingSFML; sourceTree = BUILT_PRODUCTS_DIR; };
		7492D721284231B800FEE31A /* main.cpp */ = {isa = PBXFileReference; lastKnownFileType = sourcecode.cpp.cpp; path = main.cpp; sourceTree = "<group>"; };
		7492D7292842341000FEE31A /* libsfml-network.2.5.1.dylib */ = {isa = PBXFileReference; lastKnownFileType = "compiled.mach-o.dylib"; name = "libsfml-network.2.5.1.dylib"; path = "ExternalLibs/SFML-mac/lib/libsfml-network.2.5.1.dylib"; sourceTree = "<group>"; };
		7492D72A2842341000FEE31A /* libsfml-graphics.2.5.1.dylib */ = {isa = PBXFileReference; lastKnownFileType = "compiled.mach-o.dylib"; name = "libsfml-graphics.2.5.1.dylib"; path = "ExternalLibs/SFML-mac/lib/libsfml-graphics.2.5.1.dylib"; sourceTree = "<group>"; };
		7492D72B2842341000FEE31A /* libsfml-system.2.5.1.dylib */ = {isa = PBXFileReference; lastKnownFileType = "compiled.mach-o.dylib"; name = "libsfml-system.2.5.1.dylib"; path = "ExternalLibs/SFML-mac/lib/libsfml-system.2.5.1.dylib"; sourceTree = "<group>"; };
		7492D72C2842341000FEE31A /* libsfml-window.2.5.1.dylib */ = {isa = PBXFileReference; lastKnownFileType = "compiled.mach-o.dylib"; name = "libsfml-window.2.5.1.dylib"; path = "ExternalLibs/SFML-mac/lib/libsfml-window.2.5.1.dylib"; sourceTree = "<group>"; };
		7492D72D2842341000FEE31A /* libsfml-audio.2.5.1.dylib */ = {isa = PBXFileReference; lastKnownFileType = "compiled.mach-o.dylib"; name = "libsfml-audio.2.5.1.dylib"; path = "ExternalLibs/SFML-mac/lib/libsfml-audio.2.5.1.dylib"; sourceTree = "<group>"; };
		7492D733284237CB00FEE31A /* libsfml-audio.2.5.1.dylib */ = {isa = PBXFileReference; lastKnownFileType = "compiled.mach-o.dylib"; name = "libsfml-audio.2.5.1.dylib"; path = "../../../../../usr/local/Cellar/sfml/2.5.1_1/lib/libsfml-audio.2.5.1.dylib"; sourceTree = "<group>"; };
		7492D736284237DC00FEE31A /* libsfml-window.2.5.1.dylib */ = {isa = PBXFileReference; lastKnownFileType = "compiled.mach-o.dylib"; name = "libsfml-window.2.5.1.dylib"; path = "../../../../../usr/local/Cellar/sfml/2.5.1_1/lib/libsfml-window.2.5.1.dylib"; sourceTree = "<group>"; };
		7492D737284237DC00FEE31A /* libsfml-network.2.5.1.dylib */ = {isa = PBXFileReference; lastKnownFileType = "compiled.mach-o.dylib"; name = "libsfml-network.2.5.1.dylib"; path = "../../../../../usr/local/Cellar/sfml/2.5.1_1/lib/libsfml-network.2.5.1.dylib"; sourceTree = "<group>"; };
		7492D738284237DC00FEE31A /* libsfml-graphics.2.5.1.dylib */ = {isa = PBXFileReference; lastKnownFileType = "compiled.mach-o.dylib"; name = "libsfml-graphics.2.5.1.dylib"; path = "../../../../../usr/local/Cellar/sfml/2.5.1_1/lib/libsfml-graphics.2.5.1.dylib"; sourceTree = "<group>"; };
		7492D739284237DC00FEE31A /* libsfml-system.2.5.1.dylib */ = {isa = PBXFileReference; lastKnownFileType = "compiled.mach-o.dylib"; name = "libsfml-system.2.5.1.dylib"; path = "../../../../../usr/local/Cellar/sfml/2.5.1_1/lib/libsfml-system.2.5.1.dylib"; sourceTree = "<group>"; };
		7492D7482842398E00FEE31A /* Algorithm.cpp */ = {isa = PBXFileReference; lastKnownFileType = sourcecode.cpp.cpp; path = Algorithm.cpp; sourceTree = "<group>"; };
		7492D7492842398E00FEE31A /* Algorithm.hpp */ = {isa = PBXFileReference; lastKnownFileType = sourcecode.cpp.h; path = Algorithm.hpp; sourceTree = "<group>"; };
		7492D74B284239AD00FEE31A /* GlobalLibs.h */ = {isa = PBXFileReference; lastKnownFileType = sourcecode.c.h; path = GlobalLibs.h; sourceTree = "<group>"; };
		7492D74C28423A4C00FEE31A /* Render.cpp */ = {isa = PBXFileReference; lastKnownFileType = sourcecode.cpp.cpp; path = Render.cpp; sourceTree = "<group>"; };
		7492D74D28423A4C00FEE31A /* Render.hpp */ = {isa = PBXFileReference; lastKnownFileType = sourcecode.cpp.h; path = Render.hpp; sourceTree = "<group>"; };
		7492D74F284243F700FEE31A /* Array.cpp */ = {isa = PBXFileReference; lastKnownFileType = sourcecode.cpp.cpp; path = Array.cpp; sourceTree = "<group>"; };
		7492D750284243F700FEE31A /* Array.hpp */ = {isa = PBXFileReference; lastKnownFileType = sourcecode.cpp.h; path = Array.hpp; sourceTree = "<group>"; };
		7492D75228424E3400FEE31A /* GlobalValues.h */ = {isa = PBXFileReference; lastKnownFileType = sourcecode.c.h; path = GlobalValues.h; sourceTree = "<group>"; };
/* End PBXFileReference section */

/* Begin PBXFrameworksBuildPhase section */
		7492D71B284231B800FEE31A /* Frameworks */ = {
			isa = PBXFrameworksBuildPhase;
			buildActionMask = 2147483647;
			files = (
				7492D743284238A900FEE31A /* libsfml-audio.2.5.1.dylib in Frameworks */,
				7492D744284238A900FEE31A /* libsfml-graphics.2.5.1.dylib in Frameworks */,
				7492D745284238A900FEE31A /* libsfml-network.2.5.1.dylib in Frameworks */,
				7492D746284238A900FEE31A /* libsfml-system.2.5.1.dylib in Frameworks */,
				7492D747284238A900FEE31A /* libsfml-window.2.5.1.dylib in Frameworks */,
			);
			runOnlyForDeploymentPostprocessing = 0;
		};
/* End PBXFrameworksBuildPhase section */

/* Begin PBXGroup section */
		7492D715284231B800FEE31A = {
			isa = PBXGroup;
			children = (
				7492D720284231B800FEE31A /* sortingSFML */,
				7492D71F284231B800FEE31A /* Products */,
				7492D7282842341000FEE31A /* Frameworks */,
			);
			sourceTree = "<group>";
		};
		7492D71F284231B800FEE31A /* Products */ = {
			isa = PBXGroup;
			children = (
				7492D71E284231B800FEE31A /* sortingSFML */,
			);
			name = Products;
			sourceTree = "<group>";
		};
		7492D720284231B800FEE31A /* sortingSFML */ = {
			isa = PBXGroup;
			children = (
				7492D721284231B800FEE31A /* main.cpp */,
				7492D74F284243F700FEE31A /* Array.cpp */,
				7492D750284243F700FEE31A /* Array.hpp */,
				7492D7482842398E00FEE31A /* Algorithm.cpp */,
				7492D7492842398E00FEE31A /* Algorithm.hpp */,
				7492D74C28423A4C00FEE31A /* Render.cpp */,
				7492D74D28423A4C00FEE31A /* Render.hpp */,
				7492D75228424E3400FEE31A /* GlobalValues.h */,
				7492D74B284239AD00FEE31A /* GlobalLibs.h */,
			);
			path = sortingSFML;
			sourceTree = "<group>";
		};
		7492D7282842341000FEE31A /* Frameworks */ = {
			isa = PBXGroup;
			children = (
				7492D738284237DC00FEE31A /* libsfml-graphics.2.5.1.dylib */,
				7492D737284237DC00FEE31A /* libsfml-network.2.5.1.dylib */,
				7492D739284237DC00FEE31A /* libsfml-system.2.5.1.dylib */,
				7492D736284237DC00FEE31A /* libsfml-window.2.5.1.dylib */,
				7492D72D2842341000FEE31A /* libsfml-audio.2.5.1.dylib */,
				7492D733284237CB00FEE31A /* libsfml-audio.2.5.1.dylib */,
				7492D72A2842341000FEE31A /* libsfml-graphics.2.5.1.dylib */,
				7492D7292842341000FEE31A /* libsfml-network.2.5.1.dylib */,
				7492D72B2842341000FEE31A /* libsfml-system.2.5.1.dylib */,
				7492D72C2842341000FEE31A /* libsfml-window.2.5.1.dylib */,
			);
			name = Frameworks;
			sourceTree = "<group>";
		};
/* End PBXGroup section */

/* Begin PBXNativeTarget section */
		7492D71D284231B800FEE31A /* sortingSFML */ = {
			isa = PBXNativeTarget;
			buildConfigurationList = 7492D725284231B800FEE31A /* Build configuration list for PBXNativeTarget "sortingSFML" */;
			buildPhases = (
				7492D71A284231B800FEE31A /* Sources */,
				7492D71B284231B800FEE31A /* Frameworks */,
				7492D71C284231B800FEE31A /* CopyFiles */,
			);
			buildRules = (
			);
			dependencies = (
			);
			name = sortingSFML;
			productName = sortingSFML;
			productReference = 7492D71E284231B800FEE31A /* sortingSFML */;
			productType = "com.apple.product-type.tool";
		};
/* End PBXNativeTarget section */

/* Begin PBXProject section */
		7492D716284231B800FEE31A /* Project object */ = {
			isa = PBXProject;
			attributes = {
				BuildIndependentTargetsInParallel = 1;
				LastUpgradeCheck = 1340;
				TargetAttributes = {
					7492D71D284231B800FEE31A = {
						CreatedOnToolsVersion = 13.4;
					};
				};
			};
			buildConfigurationList = 7492D719284231B800FEE31A /* Build configuration list for PBXProject "sortingSFML" */;
			compatibilityVersion = "Xcode 13.0";
			developmentRegion = en;
			hasScannedForEncodings = 0;
			knownRegions = (
				en,
				Base,
			);
			mainGroup = 7492D715284231B800FEE31A;
			productRefGroup = 7492D71F284231B800FEE31A /* Products */;
			projectDirPath = "";
			projectRoot = "";
			targets = (
				7492D71D284231B800FEE31A /* sortingSFML */,
			);
		};
/* End PBXProject section */

/* Begin PBXSourcesBuildPhase section */
		7492D71A284231B800FEE31A /* Sources */ = {
			isa = PBXSourcesBuildPhase;
			buildActionMask = 2147483647;
			files = (
				7492D722284231B800FEE31A /* main.cpp in Sources */,
				7492D751284243F700FEE31A /* Array.cpp in Sources */,
				7492D74E28423A4C00FEE31A /* Render.cpp in Sources */,
				7492D74A2842398E00FEE31A /* Algorithm.cpp in Sources */,
			);
			runOnlyForDeploymentPostprocessing = 0;
		};
/* End PBXSourcesBuildPhase section */

/* Begin XCBuildConfiguration section */
		7492D723284231B800FEE31A /* Debug */ = {
			isa = XCBuildConfiguration;
			buildSettings = {
				ALWAYS_SEARCH_USER_PATHS = NO;
				CLANG_ANALYZER_NONNULL = YES;
				CLANG_ANALYZER_NUMBER_OBJECT_CONVERSION = YES_AGGRESSIVE;
				CLANG_CXX_LANGUAGE_STANDARD = "gnu++17";
				CLANG_ENABLE_MODULES = YES;
				CLANG_ENABLE_OBJC_ARC = YES;
				CLANG_ENABLE_OBJC_WEAK = YES;
				CLANG_WARN_BLOCK_CAPTURE_AUTORELEASING = YES;
				CLANG_WARN_BOOL_CONVERSION = YES;
				CLANG_WARN_COMMA = YES;
				CLANG_WARN_CONSTANT_CONVERSION = YES;
				CLANG_WARN_DEPRECATED_OBJC_IMPLEMENTATIONS = YES;
				CLANG_WARN_DIRECT_OBJC_ISA_USAGE = YES_ERROR;
				CLANG_WARN_DOCUMENTATION_COMMENTS = YES;
				CLANG_WARN_EMPTY_BODY = YES;
				CLANG_WARN_ENUM_CONVERSION = YES;
				CLANG_WARN_INFINITE_RECURSION = YES;
				CLANG_WARN_INT_CONVERSION = YES;
				CLANG_WARN_NON_LITERAL_NULL_CONVERSION = YES;
				CLANG_WARN_OBJC_IMPLICIT_RETAIN_SELF = YES;
				CLANG_WARN_OBJC_LITERAL_CONVERSION = YES;
				CLANG_WARN_OBJC_ROOT_CLASS = YES_ERROR;
				CLANG_WARN_QUOTED_INCLUDE_IN_FRAMEWORK_HEADER = YES;
				CLANG_WARN_RANGE_LOOP_ANALYSIS = YES;
				CLANG_WARN_STRICT_PROTOTYPES = YES;
				CLANG_WARN_SUSPICIOUS_MOVE = YES;
				CLANG_WARN_UNGUARDED_AVAILABILITY = YES_AGGRESSIVE;
				CLANG_WARN_UNREACHABLE_CODE = YES;
				CLANG_WARN__DUPLICATE_METHOD_MATCH = YES;
				COPY_PHASE_STRIP = NO;
				DEBUG_INFORMATION_FORMAT = dwarf;
				ENABLE_STRICT_OBJC_MSGSEND = YES;
				ENABLE_TESTABILITY = YES;
				GCC_C_LANGUAGE_STANDARD = gnu11;
				GCC_DYNAMIC_NO_PIC = NO;
				GCC_NO_COMMON_BLOCKS = YES;
				GCC_OPTIMIZATION_LEVEL = 0;
				GCC_PREPROCESSOR_DEFINITIONS = (
					"DEBUG=1",
					"$(inherited)",
				);
				GCC_WARN_64_TO_32_BIT_CONVERSION = YES;
				GCC_WARN_ABOUT_RETURN_TYPE = YES_ERROR;
				GCC_WARN_UNDECLARED_SELECTOR = YES;
				GCC_WARN_UNINITIALIZED_AUTOS = YES_AGGRESSIVE;
				GCC_WARN_UNUSED_FUNCTION = YES;
				GCC_WARN_UNUSED_VARIABLE = YES;
				MACOSX_DEPLOYMENT_TARGET = 12.3;
				MTL_ENABLE_DEBUG_INFO = INCLUDE_SOURCE;
				MTL_FAST_MATH = YES;
				ONLY_ACTIVE_ARCH = YES;
				SDKROOT = macosx;
			};
			name = Debug;
		};
		7492D724284231B800FEE31A /* Release */ = {
			isa = XCBuildConfiguration;
			buildSettings = {
				ALWAYS_SEARCH_USER_PATHS = NO;
				CLANG_ANALYZER_NONNULL = YES;
				CLANG_ANALYZER_NUMBER_OBJECT_CONVERSION = YES_AGGRESSIVE;
				CLANG_CXX_LANGUAGE_STANDARD = "gnu++17";
				CLANG_ENABLE_MODULES = YES;
				CLANG_ENABLE_OBJC_ARC = YES;
				CLANG_ENABLE_OBJC_WEAK = YES;
				CLANG_WARN_BLOCK_CAPTURE_AUTORELEASING = YES;
				CLANG_WARN_BOOL_CONVERSION = YES;
				CLANG_WARN_COMMA = YES;
				CLANG_WARN_CONSTANT_CONVERSION = YES;
				CLANG_WARN_DEPRECATED_OBJC_IMPLEMENTATIONS = YES;
				CLANG_WARN_DIRECT_OBJC_ISA_USAGE = YES_ERROR;
				CLANG_WARN_DOCUMENTATION_COMMENTS = YES;
				CLANG_WARN_EMPTY_BODY = YES;
				CLANG_WARN_ENUM_CONVERSION = YES;
				CLANG_WARN_INFINITE_RECURSION = YES;
				CLANG_WARN_INT_CONVERSION = YES;
				CLANG_WARN_NON_LITERAL_NULL_CONVERSION = YES;
				CLANG_WARN_OBJC_IMPLICIT_RETAIN_SELF = YES;
				CLANG_WARN_OBJC_LITERAL_CONVERSION = YES;
				CLANG_WARN_OBJC_ROOT_CLASS = YES_ERROR;
				CLANG_WARN_QUOTED_INCLUDE_IN_FRAMEWORK_HEADER = YES;
				CLANG_WARN_RANGE_LOOP_ANALYSIS = YES;
				CLANG_WARN_STRICT_PROTOTYPES = YES;
				CLANG_WARN_SUSPICIOUS_MOVE = YES;
				CLANG_WARN_UNGUARDED_AVAILABILITY = YES_AGGRESSIVE;
				CLANG_WARN_UNREACHABLE_CODE = YES;
				CLANG_WARN__DUPLICATE_METHOD_MATCH = YES;
				COPY_PHASE_STRIP = NO;
				DEBUG_INFORMATION_FORMAT = "dwarf-with-dsym";
				ENABLE_NS_ASSERTIONS = NO;
				ENABLE_STRICT_OBJC_MSGSEND = YES;
				GCC_C_LANGUAGE_STANDARD = gnu11;
				GCC_NO_COMMON_BLOCKS = YES;
				GCC_WARN_64_TO_32_BIT_CONVERSION = YES;
				GCC_WARN_ABOUT_RETURN_TYPE = YES_ERROR;
				GCC_WARN_UNDECLARED_SELECTOR = YES;
				GCC_WARN_UNINITIALIZED_AUTOS = YES_AGGRESSIVE;
				GCC_WARN_UNUSED_FUNCTION = YES;
				GCC_WARN_UNUSED_VARIABLE = YES;
				MACOSX_DEPLOYMENT_TARGET = 12.3;
				MTL_ENABLE_DEBUG_INFO = NO;
				MTL_FAST_MATH = YES;
				SDKROOT = macosx;
			};
			name = Release;
		};
		7492D726284231B800FEE31A /* Debug */ = {
			isa = XCBuildConfiguration;
			buildSettings = {
				CODE_SIGN_STYLE = Automatic;
				GCC_NO_COMMON_BLOCKS = YES;
				HEADER_SEARCH_PATHS = /usr/local/Cellar/sfml/2.5.1_1/include;
				LIBRARY_SEARCH_PATHS = /usr/local/Cellar/sfml/2.5.1_1/lib;
				PRODUCT_NAME = "$(TARGET_NAME)";
			};
			name = Debug;
		};
		7492D727284231B800FEE31A /* Release */ = {
			isa = XCBuildConfiguration;
			buildSettings = {
				CODE_SIGN_STYLE = Automatic;
				GCC_NO_COMMON_BLOCKS = YES;
				HEADER_SEARCH_PATHS = /usr/local/Cellar/sfml/2.5.1_1/include;
				LIBRARY_SEARCH_PATHS = /usr/local/Cellar/sfml/2.5.1_1/lib;
				PRODUCT_NAME = "$(TARGET_NAME)";
			};
			name = Release;
		};
/* End XCBuildConfiguration section */

/* Begin XCConfigurationList section */
		7492D719284231B800FEE31A /* Build configuration list for PBXProject "sortingSFML" */ = {
			isa = XCConfigurationList;
			buildConfigurations = (
				7492D723284231B800FEE31A /* Debug */,
				7492D724284231B800FEE31A /* Release */,
			);
			defaultConfigurationIsVisible = 0;
			defaultConfigurationName = Release;
		};
		7492D725284231B800FEE31A /* Build configuration list for PBXNativeTarget "sortingSFML" */ = {
			isa = XCConfigurationList;
			buildConfigurations = (
				7492D726284231B800FEE31A /* Debug */,
				7492D727284231B800FEE31A /* Release */,
			);
			defaultConfigurationIsVisible = 0;
			defaultConfigurationName = Release;
		};
/* End XCConfigurationList section */
	};
	rootObject = 7492D716284231B800FEE31A /* Project object */;
}
